// !$*UTF8*$!
{
	archiveVersion = 1;
	classes = {
	};
	objectVersion = 56;
	objects = {

/* Begin PBXBuildFile section */
		B706040D2D96E77800C0BE2E /* PawnMovementRule.swift in Sources */ = {isa = PBXBuildFile; fileRef = B706040C2D96E77800C0BE2E /* PawnMovementRule.swift */; };
		B706040F2D970A1700C0BE2E /* PiecesManager.swift in Sources */ = {isa = PBXBuildFile; fileRef = B706040E2D970A1700C0BE2E /* PiecesManager.swift */; };
		B70604112D97E17900C0BE2E /* RookMovementRule.swift in Sources */ = {isa = PBXBuildFile; fileRef = B70604102D97E17900C0BE2E /* RookMovementRule.swift */; };
		B70604132D97FAC900C0BE2E /* BishopMovementRule.swift in Sources */ = {isa = PBXBuildFile; fileRef = B70604122D97FAC900C0BE2E /* BishopMovementRule.swift */; };
		B70604152D98223800C0BE2E /* MoveIndicator.swift in Sources */ = {isa = PBXBuildFile; fileRef = B70604142D98223800C0BE2E /* MoveIndicator.swift */; };
		B70604172D98231200C0BE2E /* PieceCell.swift in Sources */ = {isa = PBXBuildFile; fileRef = B70604162D98231200C0BE2E /* PieceCell.swift */; };
		B70604192D982C9700C0BE2E /* SlideMovementRule.swift in Sources */ = {isa = PBXBuildFile; fileRef = B70604182D982C9700C0BE2E /* SlideMovementRule.swift */; };
		B706041B2D982F1200C0BE2E /* QueenMovementRule.swift in Sources */ = {isa = PBXBuildFile; fileRef = B706041A2D982F1200C0BE2E /* QueenMovementRule.swift */; };
		B706041D2D982F6100C0BE2E /* KnightMovementRule.swift in Sources */ = {isa = PBXBuildFile; fileRef = B706041C2D982F6100C0BE2E /* KnightMovementRule.swift */; };
		B706041F2D98314300C0BE2E /* OffsetMovementRule.swift in Sources */ = {isa = PBXBuildFile; fileRef = B706041E2D98314300C0BE2E /* OffsetMovementRule.swift */; };
		B70604212D9831DF00C0BE2E /* KingMovementRule.swift in Sources */ = {isa = PBXBuildFile; fileRef = B70604202D9831DF00C0BE2E /* KingMovementRule.swift */; };
		B78750932D95B143002316D3 /* ChessReviewerApp.swift in Sources */ = {isa = PBXBuildFile; fileRef = B78750922D95B143002316D3 /* ChessReviewerApp.swift */; };
		B78750952D95B143002316D3 /* ContentView.swift in Sources */ = {isa = PBXBuildFile; fileRef = B78750942D95B143002316D3 /* ContentView.swift */; };
		B78750972D95B14A002316D3 /* Assets.xcassets in Resources */ = {isa = PBXBuildFile; fileRef = B78750962D95B14A002316D3 /* Assets.xcassets */; };
		B787509A2D95B14A002316D3 /* Preview Assets.xcassets in Resources */ = {isa = PBXBuildFile; fileRef = B78750992D95B14A002316D3 /* Preview Assets.xcassets */; };
		B78750A52D95B1F5002316D3 /* BoardCell.swift in Sources */ = {isa = PBXBuildFile; fileRef = B78750A42D95B1F5002316D3 /* BoardCell.swift */; };
		B78750A72D95B4A2002316D3 /* BoardIndex.swift in Sources */ = {isa = PBXBuildFile; fileRef = B78750A62D95B4A2002316D3 /* BoardIndex.swift */; };
		B78750A92D966C43002316D3 /* Board.swift in Sources */ = {isa = PBXBuildFile; fileRef = B78750A82D966C43002316D3 /* Board.swift */; };
		B78750AE2D968B6B002316D3 /* Color.swift in Sources */ = {isa = PBXBuildFile; fileRef = B78750AD2D968B6B002316D3 /* Color.swift */; };
		B78750B12D969239002316D3 /* Piece.swift in Sources */ = {isa = PBXBuildFile; fileRef = B78750B02D969239002316D3 /* Piece.swift */; };
		B78750B32D969545002316D3 /* PieceViewItem.swift in Sources */ = {isa = PBXBuildFile; fileRef = B78750B22D969545002316D3 /* PieceViewItem.swift */; };
		B78750B62D969B39002316D3 /* Game.swift in Sources */ = {isa = PBXBuildFile; fileRef = B78750B52D969B39002316D3 /* Game.swift */; };
		B78750B82D96A780002316D3 /* PiecesLayer.swift in Sources */ = {isa = PBXBuildFile; fileRef = B78750B72D96A780002316D3 /* PiecesLayer.swift */; };
		B7A174B92D992A64009566E4 /* MoveRecorder.swift in Sources */ = {isa = PBXBuildFile; fileRef = B7A174B82D992A64009566E4 /* MoveRecorder.swift */; };
		B7BC8C612D96E5FC0071E216 /* MovementRule.swift in Sources */ = {isa = PBXBuildFile; fileRef = B7BC8C602D96E5FC0071E216 /* MovementRule.swift */; };
/* End PBXBuildFile section */

/* Begin PBXFileReference section */
		B706040C2D96E77800C0BE2E /* PawnMovementRule.swift */ = {isa = PBXFileReference; lastKnownFileType = sourcecode.swift; path = PawnMovementRule.swift; sourceTree = "<group>"; };
		B706040E2D970A1700C0BE2E /* PiecesManager.swift */ = {isa = PBXFileReference; lastKnownFileType = sourcecode.swift; path = PiecesManager.swift; sourceTree = "<group>"; };
		B70604102D97E17900C0BE2E /* RookMovementRule.swift */ = {isa = PBXFileReference; lastKnownFileType = sourcecode.swift; path = RookMovementRule.swift; sourceTree = "<group>"; };
		B70604122D97FAC900C0BE2E /* BishopMovementRule.swift */ = {isa = PBXFileReference; lastKnownFileType = sourcecode.swift; path = BishopMovementRule.swift; sourceTree = "<group>"; };
		B70604142D98223800C0BE2E /* MoveIndicator.swift */ = {isa = PBXFileReference; lastKnownFileType = sourcecode.swift; path = MoveIndicator.swift; sourceTree = "<group>"; };
		B70604162D98231200C0BE2E /* PieceCell.swift */ = {isa = PBXFileReference; lastKnownFileType = sourcecode.swift; path = PieceCell.swift; sourceTree = "<group>"; };
		B70604182D982C9700C0BE2E /* SlideMovementRule.swift */ = {isa = PBXFileReference; lastKnownFileType = sourcecode.swift; path = SlideMovementRule.swift; sourceTree = "<group>"; };
		B706041A2D982F1200C0BE2E /* QueenMovementRule.swift */ = {isa = PBXFileReference; lastKnownFileType = sourcecode.swift; path = QueenMovementRule.swift; sourceTree = "<group>"; };
		B706041C2D982F6100C0BE2E /* KnightMovementRule.swift */ = {isa = PBXFileReference; lastKnownFileType = sourcecode.swift; path = KnightMovementRule.swift; sourceTree = "<group>"; };
		B706041E2D98314300C0BE2E /* OffsetMovementRule.swift */ = {isa = PBXFileReference; lastKnownFileType = sourcecode.swift; path = OffsetMovementRule.swift; sourceTree = "<group>"; };
		B70604202D9831DF00C0BE2E /* KingMovementRule.swift */ = {isa = PBXFileReference; lastKnownFileType = sourcecode.swift; path = KingMovementRule.swift; sourceTree = "<group>"; };
		B787508F2D95B143002316D3 /* ChessReviewer.app */ = {isa = PBXFileReference; explicitFileType = wrapper.application; includeInIndex = 0; path = ChessReviewer.app; sourceTree = BUILT_PRODUCTS_DIR; };
		B78750922D95B143002316D3 /* ChessReviewerApp.swift */ = {isa = PBXFileReference; lastKnownFileType = sourcecode.swift; path = ChessReviewerApp.swift; sourceTree = "<group>"; };
		B78750942D95B143002316D3 /* ContentView.swift */ = {isa = PBXFileReference; lastKnownFileType = sourcecode.swift; path = ContentView.swift; sourceTree = "<group>"; };
		B78750962D95B14A002316D3 /* Assets.xcassets */ = {isa = PBXFileReference; lastKnownFileType = folder.assetcatalog; path = Assets.xcassets; sourceTree = "<group>"; };
		B78750992D95B14A002316D3 /* Preview Assets.xcassets */ = {isa = PBXFileReference; lastKnownFileType = folder.assetcatalog; path = "Preview Assets.xcassets"; sourceTree = "<group>"; };
		B78750A42D95B1F5002316D3 /* BoardCell.swift */ = {isa = PBXFileReference; lastKnownFileType = sourcecode.swift; path = BoardCell.swift; sourceTree = "<group>"; };
		B78750A62D95B4A2002316D3 /* BoardIndex.swift */ = {isa = PBXFileReference; lastKnownFileType = sourcecode.swift; path = BoardIndex.swift; sourceTree = "<group>"; };
		B78750A82D966C43002316D3 /* Board.swift */ = {isa = PBXFileReference; lastKnownFileType = sourcecode.swift; path = Board.swift; sourceTree = "<group>"; };
		B78750AD2D968B6B002316D3 /* Color.swift */ = {isa = PBXFileReference; lastKnownFileType = sourcecode.swift; path = Color.swift; sourceTree = "<group>"; };
		B78750B02D969239002316D3 /* Piece.swift */ = {isa = PBXFileReference; lastKnownFileType = sourcecode.swift; path = Piece.swift; sourceTree = "<group>"; };
		B78750B22D969545002316D3 /* PieceViewItem.swift */ = {isa = PBXFileReference; lastKnownFileType = sourcecode.swift; path = PieceViewItem.swift; sourceTree = "<group>"; };
		B78750B52D969B39002316D3 /* Game.swift */ = {isa = PBXFileReference; lastKnownFileType = sourcecode.swift; path = Game.swift; sourceTree = "<group>"; };
		B78750B72D96A780002316D3 /* PiecesLayer.swift */ = {isa = PBXFileReference; lastKnownFileType = sourcecode.swift; path = PiecesLayer.swift; sourceTree = "<group>"; };
		B7A174B82D992A64009566E4 /* MoveRecorder.swift */ = {isa = PBXFileReference; lastKnownFileType = sourcecode.swift; path = MoveRecorder.swift; sourceTree = "<group>"; };
		B7BC8C602D96E5FC0071E216 /* MovementRule.swift */ = {isa = PBXFileReference; lastKnownFileType = sourcecode.swift; path = MovementRule.swift; sourceTree = "<group>"; };
/* End PBXFileReference section */

/* Begin PBXFrameworksBuildPhase section */
		B787508C2D95B143002316D3 /* Frameworks */ = {
			isa = PBXFrameworksBuildPhase;
			buildActionMask = 2147483647;
			files = (
			);
			runOnlyForDeploymentPostprocessing = 0;
		};
/* End PBXFrameworksBuildPhase section */

/* Begin PBXGroup section */
		B706040B2D96E75F00C0BE2E /* MovementRules */ = {
			isa = PBXGroup;
			children = (
				B7BC8C602D96E5FC0071E216 /* MovementRule.swift */,
				B706040C2D96E77800C0BE2E /* PawnMovementRule.swift */,
				B70604102D97E17900C0BE2E /* RookMovementRule.swift */,
				B70604122D97FAC900C0BE2E /* BishopMovementRule.swift */,
				B70604182D982C9700C0BE2E /* SlideMovementRule.swift */,
				B706041A2D982F1200C0BE2E /* QueenMovementRule.swift */,
				B706041C2D982F6100C0BE2E /* KnightMovementRule.swift */,
				B706041E2D98314300C0BE2E /* OffsetMovementRule.swift */,
				B70604202D9831DF00C0BE2E /* KingMovementRule.swift */,
			);
			path = MovementRules;
			sourceTree = "<group>";
		};
		B78750862D95B143002316D3 = {
			isa = PBXGroup;
			children = (
				B78750912D95B143002316D3 /* ChessReviewer */,
				B78750902D95B143002316D3 /* Products */,
			);
			sourceTree = "<group>";
		};
		B78750902D95B143002316D3 /* Products */ = {
			isa = PBXGroup;
			children = (
				B787508F2D95B143002316D3 /* ChessReviewer.app */,
			);
			name = Products;
			sourceTree = "<group>";
		};
		B78750912D95B143002316D3 /* ChessReviewer */ = {
			isa = PBXGroup;
			children = (
				B78750A02D95B169002316D3 /* Views */,
				B78750922D95B143002316D3 /* ChessReviewerApp.swift */,
				B78750942D95B143002316D3 /* ContentView.swift */,
				B78750962D95B14A002316D3 /* Assets.xcassets */,
				B78750982D95B14A002316D3 /* Preview Content */,
			);
			path = ChessReviewer;
			sourceTree = "<group>";
		};
		B78750982D95B14A002316D3 /* Preview Content */ = {
			isa = PBXGroup;
			children = (
				B78750992D95B14A002316D3 /* Preview Assets.xcassets */,
			);
			path = "Preview Content";
			sourceTree = "<group>";
		};
		B78750A02D95B169002316D3 /* Views */ = {
			isa = PBXGroup;
			children = (
				B7A174B52D99295D009566E4 /* Move */,
				B78750B42D969B29002316D3 /* Game */,
				B78750AF2D969228002316D3 /* Piece */,
				B78750AC2D968B5E002316D3 /* Color */,
				B78750A12D95B172002316D3 /* Board */,
			);
			path = Views;
			sourceTree = "<group>";
		};
		B78750A12D95B172002316D3 /* Board */ = {
			isa = PBXGroup;
			children = (
				B78750A42D95B1F5002316D3 /* BoardCell.swift */,
				B78750A62D95B4A2002316D3 /* BoardIndex.swift */,
				B78750A82D966C43002316D3 /* Board.swift */,
			);
			path = Board;
			sourceTree = "<group>";
		};
		B78750AC2D968B5E002316D3 /* Color */ = {
			isa = PBXGroup;
			children = (
				B78750AD2D968B6B002316D3 /* Color.swift */,
			);
			path = Color;
			sourceTree = "<group>";
		};
		B78750AF2D969228002316D3 /* Piece */ = {
			isa = PBXGroup;
			children = (
				B706040B2D96E75F00C0BE2E /* MovementRules */,
				B70604162D98231200C0BE2E /* PieceCell.swift */,
				B78750B02D969239002316D3 /* Piece.swift */,
				B78750B22D969545002316D3 /* PieceViewItem.swift */,
				B78750B72D96A780002316D3 /* PiecesLayer.swift */,
				B70604142D98223800C0BE2E /* MoveIndicator.swift */,
			);
			path = Piece;
			sourceTree = "<group>";
		};
		B78750B42D969B29002316D3 /* Game */ = {
			isa = PBXGroup;
			children = (
				B706040E2D970A1700C0BE2E /* PiecesManager.swift */,
				B78750B52D969B39002316D3 /* Game.swift */,
				B7A174B82D992A64009566E4 /* MoveRecorder.swift */,
			);
			path = Game;
			sourceTree = "<group>";
		};
		B7A174B52D99295D009566E4 /* Move */ = {
			isa = PBXGroup;
			children = (
			);
			path = Move;
			sourceTree = "<group>";
		};
/* End PBXGroup section */

/* Begin PBXNativeTarget section */
		B787508E2D95B143002316D3 /* ChessReviewer */ = {
			isa = PBXNativeTarget;
			buildConfigurationList = B787509D2D95B14A002316D3 /* Build configuration list for PBXNativeTarget "ChessReviewer" */;
			buildPhases = (
				B787508B2D95B143002316D3 /* Sources */,
				B787508C2D95B143002316D3 /* Frameworks */,
				B787508D2D95B143002316D3 /* Resources */,
			);
			buildRules = (
			);
			dependencies = (
			);
			name = ChessReviewer;
			productName = ChessReviewer;
			productReference = B787508F2D95B143002316D3 /* ChessReviewer.app */;
			productType = "com.apple.product-type.application";
		};
/* End PBXNativeTarget section */

/* Begin PBXProject section */
		B78750872D95B143002316D3 /* Project object */ = {
			isa = PBXProject;
			attributes = {
				BuildIndependentTargetsInParallel = 1;
				LastSwiftUpdateCheck = 1420;
				LastUpgradeCheck = 1420;
				TargetAttributes = {
					B787508E2D95B143002316D3 = {
						CreatedOnToolsVersion = 14.2;
					};
				};
			};
			buildConfigurationList = B787508A2D95B143002316D3 /* Build configuration list for PBXProject "ChessReviewer" */;
			compatibilityVersion = "Xcode 14.0";
			developmentRegion = en;
			hasScannedForEncodings = 0;
			knownRegions = (
				en,
				Base,
			);
			mainGroup = B78750862D95B143002316D3;
			productRefGroup = B78750902D95B143002316D3 /* Products */;
			projectDirPath = "";
			projectRoot = "";
			targets = (
				B787508E2D95B143002316D3 /* ChessReviewer */,
			);
		};
/* End PBXProject section */

/* Begin PBXResourcesBuildPhase section */
		B787508D2D95B143002316D3 /* Resources */ = {
			isa = PBXResourcesBuildPhase;
			buildActionMask = 2147483647;
			files = (
				B787509A2D95B14A002316D3 /* Preview Assets.xcassets in Resources */,
				B78750972D95B14A002316D3 /* Assets.xcassets in Resources */,
			);
			runOnlyForDeploymentPostprocessing = 0;
		};
/* End PBXResourcesBuildPhase section */

/* Begin PBXSourcesBuildPhase section */
		B787508B2D95B143002316D3 /* Sources */ = {
			isa = PBXSourcesBuildPhase;
			buildActionMask = 2147483647;
			files = (
				B70604132D97FAC900C0BE2E /* BishopMovementRule.swift in Sources */,
				B78750B82D96A780002316D3 /* PiecesLayer.swift in Sources */,
				B70604152D98223800C0BE2E /* MoveIndicator.swift in Sources */,
				B78750B12D969239002316D3 /* Piece.swift in Sources */,
				B70604192D982C9700C0BE2E /* SlideMovementRule.swift in Sources */,
				B70604172D98231200C0BE2E /* PieceCell.swift in Sources */,
				B706041B2D982F1200C0BE2E /* QueenMovementRule.swift in Sources */,
				B78750B62D969B39002316D3 /* Game.swift in Sources */,
				B78750952D95B143002316D3 /* ContentView.swift in Sources */,
				B78750A52D95B1F5002316D3 /* BoardCell.swift in Sources */,
				B78750A92D966C43002316D3 /* Board.swift in Sources */,
				B706041D2D982F6100C0BE2E /* KnightMovementRule.swift in Sources */,
				B706040F2D970A1700C0BE2E /* PiecesManager.swift in Sources */,
				B706040D2D96E77800C0BE2E /* PawnMovementRule.swift in Sources */,
				B7A174B92D992A64009566E4 /* MoveRecorder.swift in Sources */,
				B7BC8C612D96E5FC0071E216 /* MovementRule.swift in Sources */,
				B70604212D9831DF00C0BE2E /* KingMovementRule.swift in Sources */,
				B78750932D95B143002316D3 /* ChessReviewerApp.swift in Sources */,
				B78750A72D95B4A2002316D3 /* BoardIndex.swift in Sources */,
				B706041F2D98314300C0BE2E /* OffsetMovementRule.swift in Sources */,
				B78750B32D969545002316D3 /* PieceViewItem.swift in Sources */,
				B78750AE2D968B6B002316D3 /* Color.swift in Sources */,
				B70604112D97E17900C0BE2E /* RookMovementRule.swift in Sources */,
			);
			runOnlyForDeploymentPostprocessing = 0;
		};
/* End PBXSourcesBuildPhase section */

/* Begin XCBuildConfiguration section */
		B787509B2D95B14A002316D3 /* Debug */ = {
			isa = XCBuildConfiguration;
			buildSettings = {
				ALWAYS_SEARCH_USER_PATHS = NO;
				CLANG_ANALYZER_NONNULL = YES;
				CLANG_ANALYZER_NUMBER_OBJECT_CONVERSION = YES_AGGRESSIVE;
				CLANG_CXX_LANGUAGE_STANDARD = "gnu++20";
				CLANG_ENABLE_MODULES = YES;
				CLANG_ENABLE_OBJC_ARC = YES;
				CLANG_ENABLE_OBJC_WEAK = YES;
				CLANG_WARN_BLOCK_CAPTURE_AUTORELEASING = YES;
				CLANG_WARN_BOOL_CONVERSION = YES;
				CLANG_WARN_COMMA = YES;
				CLANG_WARN_CONSTANT_CONVERSION = YES;
				CLANG_WARN_DEPRECATED_OBJC_IMPLEMENTATIONS = YES;
				CLANG_WARN_DIRECT_OBJC_ISA_USAGE = YES_ERROR;
				CLANG_WARN_DOCUMENTATION_COMMENTS = YES;
				CLANG_WARN_EMPTY_BODY = YES;
				CLANG_WARN_ENUM_CONVERSION = YES;
				CLANG_WARN_INFINITE_RECURSION = YES;
				CLANG_WARN_INT_CONVERSION = YES;
				CLANG_WARN_NON_LITERAL_NULL_CONVERSION = YES;
				CLANG_WARN_OBJC_IMPLICIT_RETAIN_SELF = YES;
				CLANG_WARN_OBJC_LITERAL_CONVERSION = YES;
				CLANG_WARN_OBJC_ROOT_CLASS = YES_ERROR;
				CLANG_WARN_QUOTED_INCLUDE_IN_FRAMEWORK_HEADER = YES;
				CLANG_WARN_RANGE_LOOP_ANALYSIS = YES;
				CLANG_WARN_STRICT_PROTOTYPES = YES;
				CLANG_WARN_SUSPICIOUS_MOVE = YES;
				CLANG_WARN_UNGUARDED_AVAILABILITY = YES_AGGRESSIVE;
				CLANG_WARN_UNREACHABLE_CODE = YES;
				CLANG_WARN__DUPLICATE_METHOD_MATCH = YES;
				COPY_PHASE_STRIP = NO;
				DEBUG_INFORMATION_FORMAT = dwarf;
				ENABLE_STRICT_OBJC_MSGSEND = YES;
				ENABLE_TESTABILITY = YES;
				GCC_C_LANGUAGE_STANDARD = gnu11;
				GCC_DYNAMIC_NO_PIC = NO;
				GCC_NO_COMMON_BLOCKS = YES;
				GCC_OPTIMIZATION_LEVEL = 0;
				GCC_PREPROCESSOR_DEFINITIONS = (
					"DEBUG=1",
					"$(inherited)",
				);
				GCC_WARN_64_TO_32_BIT_CONVERSION = YES;
				GCC_WARN_ABOUT_RETURN_TYPE = YES_ERROR;
				GCC_WARN_UNDECLARED_SELECTOR = YES;
				GCC_WARN_UNINITIALIZED_AUTOS = YES_AGGRESSIVE;
				GCC_WARN_UNUSED_FUNCTION = YES;
				GCC_WARN_UNUSED_VARIABLE = YES;
				IPHONEOS_DEPLOYMENT_TARGET = 16.2;
				MTL_ENABLE_DEBUG_INFO = INCLUDE_SOURCE;
				MTL_FAST_MATH = YES;
				ONLY_ACTIVE_ARCH = YES;
				SDKROOT = iphoneos;
				SWIFT_ACTIVE_COMPILATION_CONDITIONS = DEBUG;
				SWIFT_OPTIMIZATION_LEVEL = "-Onone";
			};
			name = Debug;
		};
		B787509C2D95B14A002316D3 /* Release */ = {
			isa = XCBuildConfiguration;
			buildSettings = {
				ALWAYS_SEARCH_USER_PATHS = NO;
				CLANG_ANALYZER_NONNULL = YES;
				CLANG_ANALYZER_NUMBER_OBJECT_CONVERSION = YES_AGGRESSIVE;
				CLANG_CXX_LANGUAGE_STANDARD = "gnu++20";
				CLANG_ENABLE_MODULES = YES;
				CLANG_ENABLE_OBJC_ARC = YES;
				CLANG_ENABLE_OBJC_WEAK = YES;
				CLANG_WARN_BLOCK_CAPTURE_AUTORELEASING = YES;
				CLANG_WARN_BOOL_CONVERSION = YES;
				CLANG_WARN_COMMA = YES;
				CLANG_WARN_CONSTANT_CONVERSION = YES;
				CLANG_WARN_DEPRECATED_OBJC_IMPLEMENTATIONS = YES;
				CLANG_WARN_DIRECT_OBJC_ISA_USAGE = YES_ERROR;
				CLANG_WARN_DOCUMENTATION_COMMENTS = YES;
				CLANG_WARN_EMPTY_BODY = YES;
				CLANG_WARN_ENUM_CONVERSION = YES;
				CLANG_WARN_INFINITE_RECURSION = YES;
				CLANG_WARN_INT_CONVERSION = YES;
				CLANG_WARN_NON_LITERAL_NULL_CONVERSION = YES;
				CLANG_WARN_OBJC_IMPLICIT_RETAIN_SELF = YES;
				CLANG_WARN_OBJC_LITERAL_CONVERSION = YES;
				CLANG_WARN_OBJC_ROOT_CLASS = YES_ERROR;
				CLANG_WARN_QUOTED_INCLUDE_IN_FRAMEWORK_HEADER = YES;
				CLANG_WARN_RANGE_LOOP_ANALYSIS = YES;
				CLANG_WARN_STRICT_PROTOTYPES = YES;
				CLANG_WARN_SUSPICIOUS_MOVE = YES;
				CLANG_WARN_UNGUARDED_AVAILABILITY = YES_AGGRESSIVE;
				CLANG_WARN_UNREACHABLE_CODE = YES;
				CLANG_WARN__DUPLICATE_METHOD_MATCH = YES;
				COPY_PHASE_STRIP = NO;
				DEBUG_INFORMATION_FORMAT = "dwarf-with-dsym";
				ENABLE_NS_ASSERTIONS = NO;
				ENABLE_STRICT_OBJC_MSGSEND = YES;
				GCC_C_LANGUAGE_STANDARD = gnu11;
				GCC_NO_COMMON_BLOCKS = YES;
				GCC_WARN_64_TO_32_BIT_CONVERSION = YES;
				GCC_WARN_ABOUT_RETURN_TYPE = YES_ERROR;
				GCC_WARN_UNDECLARED_SELECTOR = YES;
				GCC_WARN_UNINITIALIZED_AUTOS = YES_AGGRESSIVE;
				GCC_WARN_UNUSED_FUNCTION = YES;
				GCC_WARN_UNUSED_VARIABLE = YES;
				IPHONEOS_DEPLOYMENT_TARGET = 16.2;
				MTL_ENABLE_DEBUG_INFO = NO;
				MTL_FAST_MATH = YES;
				SDKROOT = iphoneos;
				SWIFT_COMPILATION_MODE = wholemodule;
				SWIFT_OPTIMIZATION_LEVEL = "-O";
				VALIDATE_PRODUCT = YES;
			};
			name = Release;
		};
		B787509E2D95B14A002316D3 /* Debug */ = {
			isa = XCBuildConfiguration;
			buildSettings = {
				ASSETCATALOG_COMPILER_APPICON_NAME = AppIcon;
				ASSETCATALOG_COMPILER_GLOBAL_ACCENT_COLOR_NAME = AccentColor;
				CODE_SIGN_STYLE = Automatic;
				CURRENT_PROJECT_VERSION = 1;
				DEVELOPMENT_ASSET_PATHS = "\"ChessReviewer/Preview Content\"";
				ENABLE_PREVIEWS = YES;
				GENERATE_INFOPLIST_FILE = YES;
				INFOPLIST_KEY_UIApplicationSceneManifest_Generation = YES;
				INFOPLIST_KEY_UIApplicationSupportsIndirectInputEvents = YES;
				INFOPLIST_KEY_UILaunchScreen_Generation = YES;
				INFOPLIST_KEY_UISupportedInterfaceOrientations_iPad = "UIInterfaceOrientationPortrait UIInterfaceOrientationPortraitUpsideDown UIInterfaceOrientationLandscapeLeft UIInterfaceOrientationLandscapeRight";
				INFOPLIST_KEY_UISupportedInterfaceOrientations_iPhone = "UIInterfaceOrientationPortrait UIInterfaceOrientationLandscapeLeft UIInterfaceOrientationLandscapeRight";
				LD_RUNPATH_SEARCH_PATHS = (
					"$(inherited)",
					"@executable_path/Frameworks",
				);
				MARKETING_VERSION = 1.0;
				PRODUCT_BUNDLE_IDENTIFIER = com.fyh.ChessReviewer;
				PRODUCT_NAME = "$(TARGET_NAME)";
				SWIFT_EMIT_LOC_STRINGS = YES;
				SWIFT_VERSION = 5.0;
				TARGETED_DEVICE_FAMILY = "1,2";
			};
			name = Debug;
		};
		B787509F2D95B14A002316D3 /* Release */ = {
			isa = XCBuildConfiguration;
			buildSettings = {
				ASSETCATALOG_COMPILER_APPICON_NAME = AppIcon;
				ASSETCATALOG_COMPILER_GLOBAL_ACCENT_COLOR_NAME = AccentColor;
				CODE_SIGN_STYLE = Automatic;
				CURRENT_PROJECT_VERSION = 1;
				DEVELOPMENT_ASSET_PATHS = "\"ChessReviewer/Preview Content\"";
				ENABLE_PREVIEWS = YES;
				GENERATE_INFOPLIST_FILE = YES;
				INFOPLIST_KEY_UIApplicationSceneManifest_Generation = YES;
				INFOPLIST_KEY_UIApplicationSupportsIndirectInputEvents = YES;
				INFOPLIST_KEY_UILaunchScreen_Generation = YES;
				INFOPLIST_KEY_UISupportedInterfaceOrientations_iPad = "UIInterfaceOrientationPortrait UIInterfaceOrientationPortraitUpsideDown UIInterfaceOrientationLandscapeLeft UIInterfaceOrientationLandscapeRight";
				INFOPLIST_KEY_UISupportedInterfaceOrientations_iPhone = "UIInterfaceOrientationPortrait UIInterfaceOrientationLandscapeLeft UIInterfaceOrientationLandscapeRight";
				LD_RUNPATH_SEARCH_PATHS = (
					"$(inherited)",
					"@executable_path/Frameworks",
				);
				MARKETING_VERSION = 1.0;
				PRODUCT_BUNDLE_IDENTIFIER = com.fyh.ChessReviewer;
				PRODUCT_NAME = "$(TARGET_NAME)";
				SWIFT_EMIT_LOC_STRINGS = YES;
				SWIFT_VERSION = 5.0;
				TARGETED_DEVICE_FAMILY = "1,2";
			};
			name = Release;
		};
/* End XCBuildConfiguration section */

/* Begin XCConfigurationList section */
		B787508A2D95B143002316D3 /* Build configuration list for PBXProject "ChessReviewer" */ = {
			isa = XCConfigurationList;
			buildConfigurations = (
				B787509B2D95B14A002316D3 /* Debug */,
				B787509C2D95B14A002316D3 /* Release */,
			);
			defaultConfigurationIsVisible = 0;
			defaultConfigurationName = Release;
		};
		B787509D2D95B14A002316D3 /* Build configuration list for PBXNativeTarget "ChessReviewer" */ = {
			isa = XCConfigurationList;
			buildConfigurations = (
				B787509E2D95B14A002316D3 /* Debug */,
				B787509F2D95B14A002316D3 /* Release */,
			);
			defaultConfigurationIsVisible = 0;
			defaultConfigurationName = Release;
		};
/* End XCConfigurationList section */
	};
	rootObject = B78750872D95B143002316D3 /* Project object */;
}
