{
  "originHash" : "c59dde671c10dd7a748ab235d8b78e5eebedbd9a0f105927536e74575a1aa8e8",
  "pins" : [
    {
      "identity" : "chesskit-engine",
      "kind" : "remoteSourceControl",
      "location" : "https://github.com/chesskit-app/chesskit-engine.git",
      "state" : {
        "revision" : "8975c9f1af6306cee48a2ba1e8df7d214e78e1d8",
        "version" : "0.5.0"
      }
    }
  ],
  "version" : 3
}
